
Microsoft Visual Studio Solution File, Format Version 12.00
# Visual Studio Version 16
VisualStudioVersion = 16.0.31911.196
MinimumVisualStudioVersion = 10.0.40219.1
Project("{FAE04EC0-301F-11D3-BF4B-00C04F79EFBC}") = "KKS_TreeNodeOrdering", "KKS_TreeNodeOrdering\KKS_TreeNodeOrdering.csproj", "{F24DA5C4-133A-49B7-86A2-F3824C54BCF5}"
EndProject
Project("{FAE04EC0-301F-11D3-BF4B-00C04F79EFBC}") = "KK_TreeNodeOrdering", "KK_TreeNodeOrdering\KK_TreeNodeOrdering.csproj", "{22FBA6F7-CA74-44C2-B4CD-BFC078449A6A}"
EndProject
Global
	GlobalSection(SolutionConfigurationPlatforms) = preSolution
		Debug|Any CPU = Debug|Any CPU
		Release|Any CPU = Release|Any CPU
	EndGlobalSection
	GlobalSection(ProjectConfigurationPlatforms) = postSolution
		{F24DA5C4-133A-49B7-86A2-F3824C54BCF5}.Debug|Any CPU.ActiveCfg = Debug|Any CPU
		{F24DA5C4-133A-49B7-86A2-F3824C54BCF5}.Debug|Any CPU.Build.0 = Debug|Any CPU
		{F24DA5C4-133A-49B7-86A2-F3824C54BCF5}.Release|Any CPU.ActiveCfg = Release|Any CPU
		{F24DA5C4-133A-49B7-86A2-F3824C54BCF5}.Release|Any CPU.Build.0 = Release|Any CPU
		{22FBA6F7-CA74-44C2-B4CD-BFC078449A6A}.Debug|Any CPU.ActiveCfg = Debug|Any CPU
		{22FBA6F7-CA74-44C2-B4CD-BFC078449A6A}.Debug|Any CPU.Build.0 = Debug|Any CPU
		{22FBA6F7-CA74-44C2-B4CD-BFC078449A6A}.Release|Any CPU.ActiveCfg = Release|Any CPU
		{22FBA6F7-CA74-44C2-B4CD-BFC078449A6A}.Release|Any CPU.Build.0 = Release|Any CPU
	EndGlobalSection
	GlobalSection(SolutionProperties) = preSolution
		HideSolutionNode = FALSE
	EndGlobalSection
	GlobalSection(ExtensibilityGlobals) = postSolution
		SolutionGuid = {890102DC-2F68-41EE-9332-A4F00972CD20}
	EndGlobalSection
EndGlobal
