
Microsoft Visual Studio Solution File, Format Version 12.00
# Visual Studio Version 17
VisualStudioVersion = 17.8.34330.188
MinimumVisualStudioVersion = 10.0.40219.1
Project("{FAE04EC0-301F-11D3-BF4B-00C04F79EFBC}") = "KKS_TreeNodeOrdering", "KKS_TreeNodeOrdering\KKS_TreeNodeOrdering.csproj", "{F24DA5C4-133A-49B7-86A2-F3824C54BCF5}"
EndProject
Project("{FAE04EC0-301F-11D3-BF4B-00C04F79EFBC}") = "KK_TreeNodeOrdering", "KK_TreeNodeOrdering\KK_TreeNodeOrdering.csproj", "{22FBA6F7-CA74-44C2-B4CD-BFC078449A6A}"
EndProject
Project("{D954291E-2A0B-460D-934E-DC6B0785DB48}") = "Core_TreeNodeOrdering", "Core_TreeNodeOrdering\Core_TreeNodeOrdering.shproj", "{17203D35-B5B7-4437-A5D7-D7A8E9543B50}"
EndProject
Global
	GlobalSection(SolutionConfigurationPlatforms) = preSolution
		Debug|Any CPU = Debug|Any CPU
		Release|Any CPU = Release|Any CPU
	EndGlobalSection
	GlobalSection(ProjectConfigurationPlatforms) = postSolution
		{F24DA5C4-133A-49B7-86A2-F3824C54BCF5}.Debug|Any CPU.ActiveCfg = Debug|Any CPU
		{F24DA5C4-133A-49B7-86A2-F3824C54BCF5}.Debug|Any CPU.Build.0 = Debug|Any CPU
		{F24DA5C4-133A-49B7-86A2-F3824C54BCF5}.Release|Any CPU.ActiveCfg = Release|Any CPU
		{F24DA5C4-133A-49B7-86A2-F3824C54BCF5}.Release|Any CPU.Build.0 = Release|Any CPU
		{22FBA6F7-CA74-44C2-B4CD-BFC078449A6A}.Debug|Any CPU.ActiveCfg = Debug|Any CPU
		{22FBA6F7-CA74-44C2-B4CD-BFC078449A6A}.Debug|Any CPU.Build.0 = Debug|Any CPU
		{22FBA6F7-CA74-44C2-B4CD-BFC078449A6A}.Release|Any CPU.ActiveCfg = Release|Any CPU
		{22FBA6F7-CA74-44C2-B4CD-BFC078449A6A}.Release|Any CPU.Build.0 = Release|Any CPU
	EndGlobalSection
	GlobalSection(SolutionProperties) = preSolution
		HideSolutionNode = FALSE
	EndGlobalSection
	GlobalSection(ExtensibilityGlobals) = postSolution
		SolutionGuid = {890102DC-2F68-41EE-9332-A4F00972CD20}
	EndGlobalSection
	GlobalSection(SharedMSBuildProjectFiles) = preSolution
		Core_TreeNodeOrdering\Core_TreeNodeOrdering.projitems*{17203d35-b5b7-4437-a5d7-d7a8e9543b50}*SharedItemsImports = 13
		Core_TreeNodeOrdering\Core_TreeNodeOrdering.projitems*{22fba6f7-ca74-44c2-b4cd-bfc078449a6a}*SharedItemsImports = 4
		Core_TreeNodeOrdering\Core_TreeNodeOrdering.projitems*{f24da5c4-133a-49b7-86a2-f3824c54bcf5}*SharedItemsImports = 4
	EndGlobalSection
EndGlobal
